
Microsoft Visual Studio Solution File, Format Version 12.00
# Visual Studio 2013
VisualStudioVersion = 12.0.30723.0
MinimumVisualStudioVersion = 10.0.40219.1
Project("{FAE04EC0-301F-11D3-BF4B-00C04F79EFBC}") = "Conclave.Data", "Conclave.Data\Conclave.Data.csproj", "{FAD607EC-E3DB-4290-BB84-3C7A231AEE09}"
EndProject
Project("{FAE04EC0-301F-11D3-BF4B-00C04F79EFBC}") = "Conclave.Map", "Conclave.Map\Conclave.Map.csproj", "{06FA9C5E-1272-45B8-856E-F0EF2793435C}"
EndProject
Project("{FAE04EC0-301F-11D3-BF4B-00C04F79EFBC}") = "Conclave.Map.Store.SqlServer", "Conclave.Map.Store.SqlServer\Conclave.Map.Store.SqlServer.csproj", "{166A2F48-389E-4148-AEE5-132E7195C275}"
EndProject
Project("{FAE04EC0-301F-11D3-BF4B-00C04F79EFBC}") = "Conclave.Map.Store.MySql", "Conclave.Map.Store.MySql\Conclave.Map.Store.MySql.csproj", "{970C4B20-C18D-499D-975B-143D22D12B98}"
EndProject
Project("{FAE04EC0-301F-11D3-BF4B-00C04F79EFBC}") = "Conclave.Map.Store.Mongo", "Conclave.Map.Store.Mongo\Conclave.Map.Store.Mongo.csproj", "{F0A00D47-3FE3-44C3-A99D-F0DC094CFB6F}"
EndProject
Project("{FAE04EC0-301F-11D3-BF4B-00C04F79EFBC}") = "Conclave.Cms", "Conclave.Cms\Conclave.Cms.csproj", "{3230553C-BCC4-48E0-9784-52254516870F}"
EndProject
Project("{FAE04EC0-301F-11D3-BF4B-00C04F79EFBC}") = "Conclave.Funder", "Conclave.Funder\Conclave.Funder.csproj", "{97C26B5C-C16E-4316-A6CD-DBE7146BE6E4}"
EndProject
Project("{FAE04EC0-301F-11D3-BF4B-00C04F79EFBC}") = "Conclave.Funder.Model.Tests", "Conclave.Funder.Model.Tests\Conclave.Funder.Model.Tests.csproj", "{3CB0DCF7-9040-4A0C-9785-56A82759A116}"
EndProject
Global
	GlobalSection(SolutionConfigurationPlatforms) = preSolution
		Debug|Any CPU = Debug|Any CPU
		Release|Any CPU = Release|Any CPU
	EndGlobalSection
	GlobalSection(ProjectConfigurationPlatforms) = postSolution
		{FAD607EC-E3DB-4290-BB84-3C7A231AEE09}.Debug|Any CPU.ActiveCfg = Debug|Any CPU
		{FAD607EC-E3DB-4290-BB84-3C7A231AEE09}.Debug|Any CPU.Build.0 = Debug|Any CPU
		{FAD607EC-E3DB-4290-BB84-3C7A231AEE09}.Release|Any CPU.ActiveCfg = Release|Any CPU
		{FAD607EC-E3DB-4290-BB84-3C7A231AEE09}.Release|Any CPU.Build.0 = Release|Any CPU
		{06FA9C5E-1272-45B8-856E-F0EF2793435C}.Debug|Any CPU.ActiveCfg = Debug|Any CPU
		{06FA9C5E-1272-45B8-856E-F0EF2793435C}.Debug|Any CPU.Build.0 = Debug|Any CPU
		{06FA9C5E-1272-45B8-856E-F0EF2793435C}.Release|Any CPU.ActiveCfg = Release|Any CPU
		{06FA9C5E-1272-45B8-856E-F0EF2793435C}.Release|Any CPU.Build.0 = Release|Any CPU
		{166A2F48-389E-4148-AEE5-132E7195C275}.Debug|Any CPU.ActiveCfg = Debug|Any CPU
		{166A2F48-389E-4148-AEE5-132E7195C275}.Debug|Any CPU.Build.0 = Debug|Any CPU
		{166A2F48-389E-4148-AEE5-132E7195C275}.Release|Any CPU.ActiveCfg = Release|Any CPU
		{166A2F48-389E-4148-AEE5-132E7195C275}.Release|Any CPU.Build.0 = Release|Any CPU
		{970C4B20-C18D-499D-975B-143D22D12B98}.Debug|Any CPU.ActiveCfg = Debug|Any CPU
		{970C4B20-C18D-499D-975B-143D22D12B98}.Debug|Any CPU.Build.0 = Debug|Any CPU
		{970C4B20-C18D-499D-975B-143D22D12B98}.Release|Any CPU.ActiveCfg = Release|Any CPU
		{970C4B20-C18D-499D-975B-143D22D12B98}.Release|Any CPU.Build.0 = Release|Any CPU
		{F0A00D47-3FE3-44C3-A99D-F0DC094CFB6F}.Debug|Any CPU.ActiveCfg = Debug|Any CPU
		{F0A00D47-3FE3-44C3-A99D-F0DC094CFB6F}.Debug|Any CPU.Build.0 = Debug|Any CPU
		{F0A00D47-3FE3-44C3-A99D-F0DC094CFB6F}.Release|Any CPU.ActiveCfg = Release|Any CPU
		{F0A00D47-3FE3-44C3-A99D-F0DC094CFB6F}.Release|Any CPU.Build.0 = Release|Any CPU
		{3230553C-BCC4-48E0-9784-52254516870F}.Debug|Any CPU.ActiveCfg = Debug|Any CPU
		{3230553C-BCC4-48E0-9784-52254516870F}.Debug|Any CPU.Build.0 = Debug|Any CPU
		{3230553C-BCC4-48E0-9784-52254516870F}.Release|Any CPU.ActiveCfg = Release|Any CPU
		{3230553C-BCC4-48E0-9784-52254516870F}.Release|Any CPU.Build.0 = Release|Any CPU
		{97C26B5C-C16E-4316-A6CD-DBE7146BE6E4}.Debug|Any CPU.ActiveCfg = Debug|Any CPU
		{97C26B5C-C16E-4316-A6CD-DBE7146BE6E4}.Debug|Any CPU.Build.0 = Debug|Any CPU
		{97C26B5C-C16E-4316-A6CD-DBE7146BE6E4}.Release|Any CPU.ActiveCfg = Release|Any CPU
		{97C26B5C-C16E-4316-A6CD-DBE7146BE6E4}.Release|Any CPU.Build.0 = Release|Any CPU
		{3CB0DCF7-9040-4A0C-9785-56A82759A116}.Debug|Any CPU.ActiveCfg = Debug|Any CPU
		{3CB0DCF7-9040-4A0C-9785-56A82759A116}.Debug|Any CPU.Build.0 = Debug|Any CPU
		{3CB0DCF7-9040-4A0C-9785-56A82759A116}.Release|Any CPU.ActiveCfg = Release|Any CPU
		{3CB0DCF7-9040-4A0C-9785-56A82759A116}.Release|Any CPU.Build.0 = Release|Any CPU
	EndGlobalSection
	GlobalSection(SolutionProperties) = preSolution
		HideSolutionNode = FALSE
	EndGlobalSection
EndGlobal
